
Microsoft Visual Studio Solution File, Format Version 12.00
# Visual Studio Version 17
VisualStudioVersion = 17.5.33516.290
MinimumVisualStudioVersion = 10.0.40219.1
Project("{FAE04EC0-301F-11D3-BF4B-00C04F79EFBC}") = "LR4_Task", "LR4_Task\LR4_Task.csproj", "{F45BE946-7647-44F3-9652-6B04144A1982}"
EndProject
Global
	GlobalSection(SolutionConfigurationPlatforms) = preSolution
		Debug|Any CPU = Debug|Any CPU
		Release|Any CPU = Release|Any CPU
	EndGlobalSection
	GlobalSection(ProjectConfigurationPlatforms) = postSolution
		{F45BE946-7647-44F3-9652-6B04144A1982}.Debug|Any CPU.ActiveCfg = Debug|Any CPU
		{F45BE946-7647-44F3-9652-6B04144A1982}.Debug|Any CPU.Build.0 = Debug|Any CPU
		{F45BE946-7647-44F3-9652-6B04144A1982}.Release|Any CPU.ActiveCfg = Release|Any CPU
		{F45BE946-7647-44F3-9652-6B04144A1982}.Release|Any CPU.Build.0 = Release|Any CPU
	EndGlobalSection
	GlobalSection(SolutionProperties) = preSolution
		HideSolutionNode = FALSE
	EndGlobalSection
	GlobalSection(ExtensibilityGlobals) = postSolution
		SolutionGuid = {9FAE59B2-B241-4237-B433-127661843AA3}
	EndGlobalSection
EndGlobal
